[root]
name = "rustcafe"
version = "0.1.1"
dependencies = [
 "chrono 0.1.5 (git+git://github.com/lifthrasiir/rust-chrono.git)",
 "docopt_macros 0.6.14 (git+git://github.com/docopt/docopt.rs)",
 "hyper 0.0.1 (git+git://github.com/hyperium/hyper)",
]

[[package]]
name = "chrono"
version = "0.1.5"
source = "git+git://github.com/lifthrasiir/rust-chrono.git#7f5f176ccee675277480383c4a85196983f6c4e4"
dependencies = [
 "time 0.1.3 (git+https://github.com/rust-lang/time)",
]

[[package]]
name = "cookie"
version = "0.1.0"
source = "git+https://github.com/alexcrichton/cookie-rs#272ac27b824c008eddd4842239269cb591f93db5"
dependencies = [
 "openssl 0.2.5 (git+https://github.com/sfackler/rust-openssl)",
 "time 0.1.3 (git+https://github.com/rust-lang/time)",
 "url 0.2.5 (git+https://github.com/servo/rust-url)",
]

[[package]]
name = "docopt"
version = "0.6.14"
source = "git+git://github.com/docopt/docopt.rs#8be69fbf33092226f7a658480ff2d6c9dc967164"

[[package]]
name = "docopt_macros"
version = "0.6.14"
source = "git+git://github.com/docopt/docopt.rs#8be69fbf33092226f7a658480ff2d6c9dc967164"
dependencies = [
 "docopt 0.6.14 (git+git://github.com/docopt/docopt.rs)",
]

[[package]]
name = "gcc"
version = "0.1.1"
source = "git+https://github.com/alexcrichton/gcc-rs#d35c34c871dd75f97fadf04cb0ed85d997a9bc0c"

[[package]]
name = "hyper"
version = "0.0.1"
source = "git+git://github.com/hyperium/hyper#00c6808c6bd5063a729ab1bbcd686417ee50e53e"
dependencies = [
 "cookie 0.1.0 (git+https://github.com/alexcrichton/cookie-rs)",
 "mime 0.0.1 (git+https://github.com/hyperium/mime.rs)",
 "mucell 0.1.2 (git+https://github.com/chris-morgan/mucell)",
 "openssl 0.2.5 (git+https://github.com/sfackler/rust-openssl)",
 "time 0.1.3 (git+https://github.com/rust-lang/time)",
 "unsafe-any 0.1.1 (git+https://github.com/reem/rust-unsafe-any)",
 "url 0.2.5 (git+https://github.com/servo/rust-url)",
]

[[package]]
name = "libressl-pnacl-sys"
version = "2.1.0"
source = "registry+https://github.com/rust-lang/crates.io-index"
dependencies = [
 "pnacl-build-helper 1.0.0 (registry+https://github.com/rust-lang/crates.io-index)",
]

[[package]]
name = "mime"
version = "0.0.1"
source = "git+https://github.com/hyperium/mime.rs#7898f1c29c7f5d35d0c3c7aed37ebcfc95a40873"

[[package]]
name = "mucell"
version = "0.1.2"
source = "git+https://github.com/chris-morgan/mucell#d198c6605b3e688719db168db0939051c803b1ea"

[[package]]
name = "openssl"
version = "0.2.5"
source = "git+https://github.com/sfackler/rust-openssl#88b753d3feeab5de71c5fdc834c0cc2dc37ae42e"
dependencies = [
 "openssl-sys 0.2.5 (git+https://github.com/sfackler/rust-openssl)",
]

[[package]]
name = "openssl-sys"
version = "0.2.5"
source = "git+https://github.com/sfackler/rust-openssl#88b753d3feeab5de71c5fdc834c0cc2dc37ae42e"
dependencies = [
 "libressl-pnacl-sys 2.1.0 (registry+https://github.com/rust-lang/crates.io-index)",
 "pkg-config 0.1.2 (registry+https://github.com/rust-lang/crates.io-index)",
]

[[package]]
name = "pkg-config"
version = "0.1.2"
source = "registry+https://github.com/rust-lang/crates.io-index"

[[package]]
name = "pnacl-build-helper"
version = "1.0.0"
source = "registry+https://github.com/rust-lang/crates.io-index"

[[package]]
name = "time"
version = "0.1.3"
source = "git+https://github.com/rust-lang/time#914a48401168169ccd1a822c2d32d87965306141"
dependencies = [
 "gcc 0.1.1 (git+https://github.com/alexcrichton/gcc-rs)",
]

[[package]]
name = "unsafe-any"
version = "0.1.1"
source = "git+https://github.com/reem/rust-unsafe-any#eb3fe87bea85f375b8fcefa0cdecfd131fae9624"

[[package]]
name = "url"
version = "0.2.5"
source = "git+https://github.com/servo/rust-url#c177fb35e9158065c1b4d0760583549bc0c3334c"

